
Microsoft Visual Studio Solution File, Format Version 12.00
# Visual Studio Version 16
VisualStudioVersion = 16.0.28803.352
MinimumVisualStudioVersion = 10.0.40219.1
Project("{FAE04EC0-301F-11D3-BF4B-00C04F79EFBC}") = "ConsumerPayments", "ConsumerPayments\ConsumerPayments.csproj", "{6D9DE60D-6724-4593-88D2-513BF9317E21}"
EndProject
Global
	GlobalSection(SolutionConfigurationPlatforms) = preSolution
		Debug|Any CPU = Debug|Any CPU
		Release|Any CPU = Release|Any CPU
	EndGlobalSection
	GlobalSection(ProjectConfigurationPlatforms) = postSolution
		{6D9DE60D-6724-4593-88D2-513BF9317E21}.Debug|Any CPU.ActiveCfg = Debug|Any CPU
		{6D9DE60D-6724-4593-88D2-513BF9317E21}.Debug|Any CPU.Build.0 = Debug|Any CPU
		{6D9DE60D-6724-4593-88D2-513BF9317E21}.Release|Any CPU.ActiveCfg = Release|Any CPU
		{6D9DE60D-6724-4593-88D2-513BF9317E21}.Release|Any CPU.Build.0 = Release|Any CPU
	EndGlobalSection
	GlobalSection(SolutionProperties) = preSolution
		HideSolutionNode = FALSE
	EndGlobalSection
	GlobalSection(ExtensibilityGlobals) = postSolution
		SolutionGuid = {68588168-25E6-49AF-9561-5EB07861FE3E}
	EndGlobalSection
EndGlobal
