
Microsoft Visual Studio Solution File, Format Version 12.00
# Visual Studio Version 16
VisualStudioVersion = 16.0.28803.352
MinimumVisualStudioVersion = 10.0.40219.1
Project("{FAE04EC0-301F-11D3-BF4B-00C04F79EFBC}") = "3ArraysIndexIndex2Index3Average", "3ArraysIndexIndex2Index3Average\3ArraysIndexIndex2Index3Average.csproj", "{96422445-9252-43FD-92DA-0B6FF4435548}"
EndProject
Global
	GlobalSection(SolutionConfigurationPlatforms) = preSolution
		Debug|Any CPU = Debug|Any CPU
		Release|Any CPU = Release|Any CPU
	EndGlobalSection
	GlobalSection(ProjectConfigurationPlatforms) = postSolution
		{96422445-9252-43FD-92DA-0B6FF4435548}.Debug|Any CPU.ActiveCfg = Debug|Any CPU
		{96422445-9252-43FD-92DA-0B6FF4435548}.Debug|Any CPU.Build.0 = Debug|Any CPU
		{96422445-9252-43FD-92DA-0B6FF4435548}.Release|Any CPU.ActiveCfg = Release|Any CPU
		{96422445-9252-43FD-92DA-0B6FF4435548}.Release|Any CPU.Build.0 = Release|Any CPU
	EndGlobalSection
	GlobalSection(SolutionProperties) = preSolution
		HideSolutionNode = FALSE
	EndGlobalSection
	GlobalSection(ExtensibilityGlobals) = postSolution
		SolutionGuid = {A6A8FBA4-A1E5-4F43-9D16-39F7B71F134D}
	EndGlobalSection
EndGlobal
