
Microsoft Visual Studio Solution File, Format Version 12.00
# Visual Studio Version 16
VisualStudioVersion = 16.0.28803.352
MinimumVisualStudioVersion = 10.0.40219.1
Project("{FAE04EC0-301F-11D3-BF4B-00C04F79EFBC}") = "ChangePlacesOfMinMaxIn2Arrays", "ChangePlacesOfMinMaxIn2Arrays\ChangePlacesOfMinMaxIn2Arrays.csproj", "{E8F7A6B7-5E40-4B1B-9061-858E31FE1A42}"
EndProject
Global
	GlobalSection(SolutionConfigurationPlatforms) = preSolution
		Debug|Any CPU = Debug|Any CPU
		Release|Any CPU = Release|Any CPU
	EndGlobalSection
	GlobalSection(ProjectConfigurationPlatforms) = postSolution
		{E8F7A6B7-5E40-4B1B-9061-858E31FE1A42}.Debug|Any CPU.ActiveCfg = Debug|Any CPU
		{E8F7A6B7-5E40-4B1B-9061-858E31FE1A42}.Debug|Any CPU.Build.0 = Debug|Any CPU
		{E8F7A6B7-5E40-4B1B-9061-858E31FE1A42}.Release|Any CPU.ActiveCfg = Release|Any CPU
		{E8F7A6B7-5E40-4B1B-9061-858E31FE1A42}.Release|Any CPU.Build.0 = Release|Any CPU
	EndGlobalSection
	GlobalSection(SolutionProperties) = preSolution
		HideSolutionNode = FALSE
	EndGlobalSection
	GlobalSection(ExtensibilityGlobals) = postSolution
		SolutionGuid = {8262BACA-897B-4FAB-9F4F-4331A1A9C7E6}
	EndGlobalSection
EndGlobal
